# This file is automatically @generated by Poetry 1.5.1 and should not be changed by hand.

[[package]]
name = "aioconsole"
version = "0.6.2"
description = "Asynchronous console and interfaces for asyncio"
optional = false
python-versions = ">=3.7"
files = [
    {file = "aioconsole-0.6.2-py3-none-any.whl", hash = "sha256:1968021eb03b88fcdf5f5398154b21585e941a7b98c9fcef51c4bb0158156619"},
    {file = "aioconsole-0.6.2.tar.gz", hash = "sha256:bac11286f1062613d2523ceee1ba81c676cd269812b865b66b907448a7b5f63e"},
]

[[package]]
name = "aiofiles"
version = "23.2.1"
description = "File support for asyncio."
optional = false
python-versions = ">=3.7"
files = [
    {file = "aiofiles-23.2.1-py3-none-any.whl", hash = "sha256:19297512c647d4b27a2cf7c34caa7e405c0d60b5560618a29a9fe027b18b0107"},
    {file = "aiofiles-23.2.1.tar.gz", hash = "sha256:84ec2218d8419404abcb9f0c02df3f34c6e0a68ed41072acfb1cef5cbc29051a"},
]

[[package]]
name = "bidict"
version = "0.22.1"
description = "The bidirectional mapping library for Python."
optional = false
python-versions = ">=3.7"
files = [
    {file = "bidict-0.22.1-py3-none-any.whl", hash = "sha256:6ef212238eb884b664f28da76f33f1d28b260f665fc737b413b287d5487d1e7b"},
    {file = "bidict-0.22.1.tar.gz", hash = "sha256:1e0f7f74e4860e6d0943a05d4134c63a2fad86f3d4732fb265bd79e4e856d81d"},
]

[package.extras]
docs = ["furo", "sphinx", "sphinx-copybutton"]
lint = ["pre-commit"]
test = ["hypothesis", "pytest", "pytest-benchmark[histogram]", "pytest-cov", "pytest-xdist", "sortedcollections", "sortedcontainers", "sphinx"]

[metadata]
lock-version = "2.0"
python-versions = "^3.10"
content-hash = "73b244a3384624fac1e096f197547be70078b9f392de58d996dc8c5bec53594d"
